
Microsoft Visual Studio Solution File, Format Version 12.00
# Visual Studio Version 17
VisualStudioVersion = 17.11.35327.3
MinimumVisualStudioVersion = 10.0.40219.1
Project("{2150E333-8FDC-42A3-9474-1A3956D46DE8}") = "Tests", "Tests", "{349C37B2-2CA3-450D-82EA-D12863AE43E1}"
EndProject
Project("{9A19103F-16F7-4668-BE54-9A1E7A4F7556}") = "OkEye.Modules.ModuleName.Tests", "OkEye\Tests\OkEye.Modules.ModuleName.Tests\OkEye.Modules.ModuleName.Tests.csproj", "{61C9ECE2-36F7-4F85-A6DF-036717239A4E}"
EndProject
Project("{2150E333-8FDC-42A3-9474-1A3956D46DE8}") = "Modules", "Modules", "{DDDF77D7-3C0E-49AC-ACC9-3889E0906C5B}"
EndProject
Project("{2150E333-8FDC-42A3-9474-1A3956D46DE8}") = "Services", "Services", "{236F5A62-5065-4A1E-A1B5-D71CF58CB7D3}"
EndProject
Project("{9A19103F-16F7-4668-BE54-9A1E7A4F7556}") = "OkEye.Services", "OkEye\Services\OkEye.Services\OkEye.Services.csproj", "{7C310386-68D9-446E-8D6F-41778926C6C1}"
EndProject
Project("{9A19103F-16F7-4668-BE54-9A1E7A4F7556}") = "OkEye.Services.Interfaces", "OkEye\Services\OkEye.Services.Interfaces\OkEye.Services.Interfaces.csproj", "{C5BE9589-BC88-4B0B-8E1F-DE694124B05E}"
EndProject
Project("{9A19103F-16F7-4668-BE54-9A1E7A4F7556}") = "OkEye", "OkEye\OkEye\OkEye.csproj", "{19A366D8-021C-4C8F-90B0-1832B5434CEE}"
EndProject
Project("{9A19103F-16F7-4668-BE54-9A1E7A4F7556}") = "OkEye.Core", "OkEye\OkEye.Core\OkEye.Core.csproj", "{F21677D0-1162-407B-A241-67AEC4C128AF}"
EndProject
Project("{9A19103F-16F7-4668-BE54-9A1E7A4F7556}") = "OkEye.Modules.ModuleCamera", "OkEye\Modules\OkEye.Modules.ModuleCamera\OkEye.Modules.ModuleCamera.csproj", "{5383BF59-30F5-4E7C-8C33-0E31D92EFA1F}"
EndProject
Global
	GlobalSection(SolutionConfigurationPlatforms) = preSolution
		Debug|Any CPU = Debug|Any CPU
		Release|Any CPU = Release|Any CPU
	EndGlobalSection
	GlobalSection(ProjectConfigurationPlatforms) = postSolution
		{61C9ECE2-36F7-4F85-A6DF-036717239A4E}.Debug|Any CPU.ActiveCfg = Debug|Any CPU
		{61C9ECE2-36F7-4F85-A6DF-036717239A4E}.Debug|Any CPU.Build.0 = Debug|Any CPU
		{61C9ECE2-36F7-4F85-A6DF-036717239A4E}.Release|Any CPU.ActiveCfg = Release|Any CPU
		{61C9ECE2-36F7-4F85-A6DF-036717239A4E}.Release|Any CPU.Build.0 = Release|Any CPU
		{7C310386-68D9-446E-8D6F-41778926C6C1}.Debug|Any CPU.ActiveCfg = Debug|Any CPU
		{7C310386-68D9-446E-8D6F-41778926C6C1}.Debug|Any CPU.Build.0 = Debug|Any CPU
		{7C310386-68D9-446E-8D6F-41778926C6C1}.Release|Any CPU.ActiveCfg = Release|Any CPU
		{7C310386-68D9-446E-8D6F-41778926C6C1}.Release|Any CPU.Build.0 = Release|Any CPU
		{C5BE9589-BC88-4B0B-8E1F-DE694124B05E}.Debug|Any CPU.ActiveCfg = Debug|Any CPU
		{C5BE9589-BC88-4B0B-8E1F-DE694124B05E}.Debug|Any CPU.Build.0 = Debug|Any CPU
		{C5BE9589-BC88-4B0B-8E1F-DE694124B05E}.Release|Any CPU.ActiveCfg = Release|Any CPU
		{C5BE9589-BC88-4B0B-8E1F-DE694124B05E}.Release|Any CPU.Build.0 = Release|Any CPU
		{19A366D8-021C-4C8F-90B0-1832B5434CEE}.Debug|Any CPU.ActiveCfg = Debug|Any CPU
		{19A366D8-021C-4C8F-90B0-1832B5434CEE}.Debug|Any CPU.Build.0 = Debug|Any CPU
		{19A366D8-021C-4C8F-90B0-1832B5434CEE}.Release|Any CPU.ActiveCfg = Release|Any CPU
		{19A366D8-021C-4C8F-90B0-1832B5434CEE}.Release|Any CPU.Build.0 = Release|Any CPU
		{F21677D0-1162-407B-A241-67AEC4C128AF}.Debug|Any CPU.ActiveCfg = Debug|Any CPU
		{F21677D0-1162-407B-A241-67AEC4C128AF}.Debug|Any CPU.Build.0 = Debug|Any CPU
		{F21677D0-1162-407B-A241-67AEC4C128AF}.Release|Any CPU.ActiveCfg = Release|Any CPU
		{F21677D0-1162-407B-A241-67AEC4C128AF}.Release|Any CPU.Build.0 = Release|Any CPU
		{5383BF59-30F5-4E7C-8C33-0E31D92EFA1F}.Debug|Any CPU.ActiveCfg = Debug|Any CPU
		{5383BF59-30F5-4E7C-8C33-0E31D92EFA1F}.Debug|Any CPU.Build.0 = Debug|Any CPU
		{5383BF59-30F5-4E7C-8C33-0E31D92EFA1F}.Release|Any CPU.ActiveCfg = Release|Any CPU
		{5383BF59-30F5-4E7C-8C33-0E31D92EFA1F}.Release|Any CPU.Build.0 = Release|Any CPU
	EndGlobalSection
	GlobalSection(SolutionProperties) = preSolution
		HideSolutionNode = FALSE
	EndGlobalSection
	GlobalSection(NestedProjects) = preSolution
		{61C9ECE2-36F7-4F85-A6DF-036717239A4E} = {349C37B2-2CA3-450D-82EA-D12863AE43E1}
		{7C310386-68D9-446E-8D6F-41778926C6C1} = {236F5A62-5065-4A1E-A1B5-D71CF58CB7D3}
		{C5BE9589-BC88-4B0B-8E1F-DE694124B05E} = {236F5A62-5065-4A1E-A1B5-D71CF58CB7D3}
		{5383BF59-30F5-4E7C-8C33-0E31D92EFA1F} = {DDDF77D7-3C0E-49AC-ACC9-3889E0906C5B}
	EndGlobalSection
	GlobalSection(ExtensibilityGlobals) = postSolution
		SolutionGuid = {9D1992E6-FF59-429A-AF4D-D10429D78B97}
	EndGlobalSection
EndGlobal
